
Microsoft Visual Studio Solution File, Format Version 12.00
# Visual Studio Version 16
VisualStudioVersion = 16.0.28803.202
MinimumVisualStudioVersion = 10.0.40219.1
Project("{9A19103F-16F7-4668-BE54-9A1E7A4F7556}") = "BankApp.WebUI", "BankApp.WebUI\BankApp.WebUI.csproj", "{5664854F-66D8-4FD9-B8C3-29E8D8756A97}"
EndProject
Project("{9A19103F-16F7-4668-BE54-9A1E7A4F7556}") = "BankApp.Persistence", "BankApp.Persistence\BankApp.Persistence.csproj", "{4BA9E042-040F-42F6-9060-40F6C4BD540F}"
EndProject
Project("{9A19103F-16F7-4668-BE54-9A1E7A4F7556}") = "BankApp.Infrastructure", "BankApp.Infrastructure\BankApp.Infrastructure.csproj", "{6CD17704-7A33-46B1-B839-A4F33FC82377}"
EndProject
Project("{9A19103F-16F7-4668-BE54-9A1E7A4F7556}") = "BankApp.Domain", "BankApp.Domain\BankApp.Domain.csproj", "{4EC7F4D3-6E2D-4964-B7D8-FB88677CE009}"
EndProject
Project("{9A19103F-16F7-4668-BE54-9A1E7A4F7556}") = "BankApp.Application", "BankApp.Application\BankApp.Application.csproj", "{C9141B55-BA78-4D82-A14E-64F057A0A4D0}"
EndProject
Project("{9A19103F-16F7-4668-BE54-9A1E7A4F7556}") = "BankApp.Api", "BankApp.Api\BankApp.Api.csproj", "{8483854A-D5C9-4AD3-B8C0-4FFFA0EC6E53}"
EndProject
Global
	GlobalSection(SolutionConfigurationPlatforms) = preSolution
		Debug|Any CPU = Debug|Any CPU
		Release|Any CPU = Release|Any CPU
	EndGlobalSection
	GlobalSection(ProjectConfigurationPlatforms) = postSolution
		{5664854F-66D8-4FD9-B8C3-29E8D8756A97}.Debug|Any CPU.ActiveCfg = Debug|Any CPU
		{5664854F-66D8-4FD9-B8C3-29E8D8756A97}.Debug|Any CPU.Build.0 = Debug|Any CPU
		{5664854F-66D8-4FD9-B8C3-29E8D8756A97}.Release|Any CPU.ActiveCfg = Release|Any CPU
		{5664854F-66D8-4FD9-B8C3-29E8D8756A97}.Release|Any CPU.Build.0 = Release|Any CPU
		{4BA9E042-040F-42F6-9060-40F6C4BD540F}.Debug|Any CPU.ActiveCfg = Debug|Any CPU
		{4BA9E042-040F-42F6-9060-40F6C4BD540F}.Debug|Any CPU.Build.0 = Debug|Any CPU
		{4BA9E042-040F-42F6-9060-40F6C4BD540F}.Release|Any CPU.ActiveCfg = Release|Any CPU
		{4BA9E042-040F-42F6-9060-40F6C4BD540F}.Release|Any CPU.Build.0 = Release|Any CPU
		{6CD17704-7A33-46B1-B839-A4F33FC82377}.Debug|Any CPU.ActiveCfg = Debug|Any CPU
		{6CD17704-7A33-46B1-B839-A4F33FC82377}.Debug|Any CPU.Build.0 = Debug|Any CPU
		{6CD17704-7A33-46B1-B839-A4F33FC82377}.Release|Any CPU.ActiveCfg = Release|Any CPU
		{6CD17704-7A33-46B1-B839-A4F33FC82377}.Release|Any CPU.Build.0 = Release|Any CPU
		{4EC7F4D3-6E2D-4964-B7D8-FB88677CE009}.Debug|Any CPU.ActiveCfg = Debug|Any CPU
		{4EC7F4D3-6E2D-4964-B7D8-FB88677CE009}.Debug|Any CPU.Build.0 = Debug|Any CPU
		{4EC7F4D3-6E2D-4964-B7D8-FB88677CE009}.Release|Any CPU.ActiveCfg = Release|Any CPU
		{4EC7F4D3-6E2D-4964-B7D8-FB88677CE009}.Release|Any CPU.Build.0 = Release|Any CPU
		{C9141B55-BA78-4D82-A14E-64F057A0A4D0}.Debug|Any CPU.ActiveCfg = Debug|Any CPU
		{C9141B55-BA78-4D82-A14E-64F057A0A4D0}.Debug|Any CPU.Build.0 = Debug|Any CPU
		{C9141B55-BA78-4D82-A14E-64F057A0A4D0}.Release|Any CPU.ActiveCfg = Release|Any CPU
		{C9141B55-BA78-4D82-A14E-64F057A0A4D0}.Release|Any CPU.Build.0 = Release|Any CPU
		{8483854A-D5C9-4AD3-B8C0-4FFFA0EC6E53}.Debug|Any CPU.ActiveCfg = Debug|Any CPU
		{8483854A-D5C9-4AD3-B8C0-4FFFA0EC6E53}.Debug|Any CPU.Build.0 = Debug|Any CPU
		{8483854A-D5C9-4AD3-B8C0-4FFFA0EC6E53}.Release|Any CPU.ActiveCfg = Release|Any CPU
		{8483854A-D5C9-4AD3-B8C0-4FFFA0EC6E53}.Release|Any CPU.Build.0 = Release|Any CPU
	EndGlobalSection
	GlobalSection(SolutionProperties) = preSolution
		HideSolutionNode = FALSE
	EndGlobalSection
	GlobalSection(ExtensibilityGlobals) = postSolution
		SolutionGuid = {1DE98FD5-F0D6-4BA4-A77C-B5EB20E9528A}
	EndGlobalSection
EndGlobal
